<Solution>
  <Project Path="c:/Users/Nation/Documents/Coding/Packages/Ametrin.Numerics/generator/Ametrin.Numerics.Generator.csproj" />
  <Project Path="c:/Users/Nation/Documents/Coding/Packages/Ametrin.Numerics/src/Ametrin.Numerics.csproj" />
  <Project Path="c:/Users/Nation/Documents/Coding/Packages/Ametrin.Numerics/test/Ametrin.Numerics.Test.csproj" />
</Solution>
