Microsoft Visual Studio Solution File, Format Version 12.00
# Visual Studio Version 17
VisualStudioVersion = 17.5.2.0
MinimumVisualStudioVersion = 10.0.40219.1
Project("{FAE04EC0-301F-11D3-BF4B-00C04F79EFBC}") = "Ametrin.Numerics.Generator", "c:\Users\Nation\Documents\Coding\Packages\Ametrin.Numerics\generator\Ametrin.Numerics.Generator.csproj", "{EC6E730F-E2EF-6ED2-6EC2-981F5CBA4B35}"
EndProject
Project("{FAE04EC0-301F-11D3-BF4B-00C04F79EFBC}") = "Ametrin.Numerics", "c:\Users\Nation\Documents\Coding\Packages\Ametrin.Numerics\src\Ametrin.Numerics.csproj", "{7ABFC22D-77C6-AABF-9826-345131D29DAF}"
EndProject
Project("{FAE04EC0-301F-11D3-BF4B-00C04F79EFBC}") = "Ametrin.Numerics.Test", "c:\Users\Nation\Documents\Coding\Packages\Ametrin.Numerics\test\Ametrin.Numerics.Test.csproj", "{8B556C91-61F7-5D49-6C3E-C369831D092B}"
EndProject
Global
	GlobalSection(SolutionConfigurationPlatforms) = preSolution
		Debug|Any CPU = Debug|Any CPU
		Release|Any CPU = Release|Any CPU
	EndGlobalSection
	GlobalSection(ProjectConfigurationPlatforms) = postSolution
		{EC6E730F-E2EF-6ED2-6EC2-981F5CBA4B35}.Debug|Any CPU.ActiveCfg = Debug|Any CPU
		{EC6E730F-E2EF-6ED2-6EC2-981F5CBA4B35}.Debug|Any CPU.Build.0 = Debug|Any CPU
		{EC6E730F-E2EF-6ED2-6EC2-981F5CBA4B35}.Release|Any CPU.ActiveCfg = Release|Any CPU
		{EC6E730F-E2EF-6ED2-6EC2-981F5CBA4B35}.Release|Any CPU.Build.0 = Release|Any CPU
		{7ABFC22D-77C6-AABF-9826-345131D29DAF}.Debug|Any CPU.ActiveCfg = Debug|Any CPU
		{7ABFC22D-77C6-AABF-9826-345131D29DAF}.Debug|Any CPU.Build.0 = Debug|Any CPU
		{7ABFC22D-77C6-AABF-9826-345131D29DAF}.Release|Any CPU.ActiveCfg = Release|Any CPU
		{7ABFC22D-77C6-AABF-9826-345131D29DAF}.Release|Any CPU.Build.0 = Release|Any CPU
		{8B556C91-61F7-5D49-6C3E-C369831D092B}.Debug|Any CPU.ActiveCfg = Debug|Any CPU
		{8B556C91-61F7-5D49-6C3E-C369831D092B}.Debug|Any CPU.Build.0 = Debug|Any CPU
		{8B556C91-61F7-5D49-6C3E-C369831D092B}.Release|Any CPU.ActiveCfg = Release|Any CPU
		{8B556C91-61F7-5D49-6C3E-C369831D092B}.Release|Any CPU.Build.0 = Release|Any CPU
	EndGlobalSection
	GlobalSection(SolutionProperties) = preSolution
		HideSolutionNode = FALSE
	EndGlobalSection
	GlobalSection(ExtensibilityGlobals) = postSolution
		SolutionGuid = {67FC2CC6-0CA6-44C2-8E7B-04531CEEC691}
	EndGlobalSection
EndGlobal
